
Microsoft Visual Studio Solution File, Format Version 12.00
# Visual Studio Version 17
VisualStudioVersion = 17.7.34024.191
MinimumVisualStudioVersion = 10.0.40219.1
Project("{FAE04EC0-301F-11D3-BF4B-00C04F79EFBC}") = "Metro", "Metro\Metro.csproj", "{1D05C5FD-576C-42B0-A779-8DC1E199B1FF}"
EndProject
Global
	GlobalSection(SolutionConfigurationPlatforms) = preSolution
		Debug|Any CPU = Debug|Any CPU
		Release|Any CPU = Release|Any CPU
	EndGlobalSection
	GlobalSection(ProjectConfigurationPlatforms) = postSolution
		{1D05C5FD-576C-42B0-A779-8DC1E199B1FF}.Debug|Any CPU.ActiveCfg = Debug|Any CPU
		{1D05C5FD-576C-42B0-A779-8DC1E199B1FF}.Debug|Any CPU.Build.0 = Debug|Any CPU
		{1D05C5FD-576C-42B0-A779-8DC1E199B1FF}.Release|Any CPU.ActiveCfg = Release|Any CPU
		{1D05C5FD-576C-42B0-A779-8DC1E199B1FF}.Release|Any CPU.Build.0 = Release|Any CPU
	EndGlobalSection
	GlobalSection(SolutionProperties) = preSolution
		HideSolutionNode = FALSE
	EndGlobalSection
	GlobalSection(ExtensibilityGlobals) = postSolution
		SolutionGuid = {D651A74A-7F08-4CDD-8DF3-924EF0B5C17E}
	EndGlobalSection
EndGlobal
